
Microsoft Visual Studio Solution File, Format Version 12.00
# Visual Studio 15
VisualStudioVersion = 15.0.27703.2035
MinimumVisualStudioVersion = 10.0.40219.1
Project("{FAE04EC0-301F-11D3-BF4B-00C04F79EFBC}") = "08_Interface", "08_Interface\08_Interface.csproj", "{AA9D10D5-5048-4F02-BFFE-CBD53A86F61B}"
EndProject
Project("{FAE04EC0-301F-11D3-BF4B-00C04F79EFBC}") = "08_DerivedInterface", "08_DerivedInterface\08_DerivedInterface.csproj", "{146DCFA1-E594-443C-8146-BB02B168E1BA}"
EndProject
Project("{FAE04EC0-301F-11D3-BF4B-00C04F79EFBC}") = "08_MultiInterfaceInheritance", "08_MultiInterfaceInheritance\08_MultiInterfaceInheritance.csproj", "{9C166423-666D-4BD5-B952-E4B0A0B40DF7}"
EndProject
Project("{FAE04EC0-301F-11D3-BF4B-00C04F79EFBC}") = "08_AbstractClass", "08_AbstractClass\08_AbstractClass.csproj", "{B159162A-B2EB-4E88-A7ED-9DD634BA949D}"
EndProject
Global
	GlobalSection(SolutionConfigurationPlatforms) = preSolution
		Debug|Any CPU = Debug|Any CPU
		Release|Any CPU = Release|Any CPU
	EndGlobalSection
	GlobalSection(ProjectConfigurationPlatforms) = postSolution
		{AA9D10D5-5048-4F02-BFFE-CBD53A86F61B}.Debug|Any CPU.ActiveCfg = Debug|Any CPU
		{AA9D10D5-5048-4F02-BFFE-CBD53A86F61B}.Debug|Any CPU.Build.0 = Debug|Any CPU
		{AA9D10D5-5048-4F02-BFFE-CBD53A86F61B}.Release|Any CPU.ActiveCfg = Release|Any CPU
		{AA9D10D5-5048-4F02-BFFE-CBD53A86F61B}.Release|Any CPU.Build.0 = Release|Any CPU
		{146DCFA1-E594-443C-8146-BB02B168E1BA}.Debug|Any CPU.ActiveCfg = Debug|Any CPU
		{146DCFA1-E594-443C-8146-BB02B168E1BA}.Debug|Any CPU.Build.0 = Debug|Any CPU
		{146DCFA1-E594-443C-8146-BB02B168E1BA}.Release|Any CPU.ActiveCfg = Release|Any CPU
		{146DCFA1-E594-443C-8146-BB02B168E1BA}.Release|Any CPU.Build.0 = Release|Any CPU
		{9C166423-666D-4BD5-B952-E4B0A0B40DF7}.Debug|Any CPU.ActiveCfg = Debug|Any CPU
		{9C166423-666D-4BD5-B952-E4B0A0B40DF7}.Debug|Any CPU.Build.0 = Debug|Any CPU
		{9C166423-666D-4BD5-B952-E4B0A0B40DF7}.Release|Any CPU.ActiveCfg = Release|Any CPU
		{9C166423-666D-4BD5-B952-E4B0A0B40DF7}.Release|Any CPU.Build.0 = Release|Any CPU
		{B159162A-B2EB-4E88-A7ED-9DD634BA949D}.Debug|Any CPU.ActiveCfg = Debug|Any CPU
		{B159162A-B2EB-4E88-A7ED-9DD634BA949D}.Debug|Any CPU.Build.0 = Debug|Any CPU
		{B159162A-B2EB-4E88-A7ED-9DD634BA949D}.Release|Any CPU.ActiveCfg = Release|Any CPU
		{B159162A-B2EB-4E88-A7ED-9DD634BA949D}.Release|Any CPU.Build.0 = Release|Any CPU
	EndGlobalSection
	GlobalSection(SolutionProperties) = preSolution
		HideSolutionNode = FALSE
	EndGlobalSection
	GlobalSection(ExtensibilityGlobals) = postSolution
		SolutionGuid = {DCD09DF8-7EC0-4B2D-8B09-D9D8C3BAFB31}
	EndGlobalSection
EndGlobal
