
Microsoft Visual Studio Solution File, Format Version 12.00
# Visual Studio 15
VisualStudioVersion = 15.0.27703.2042
MinimumVisualStudioVersion = 10.0.40219.1
Project("{FAE04EC0-301F-11D3-BF4B-00C04F79EFBC}") = "RESTServer", "RESTServer\RESTServer.csproj", "{8D9FFA36-C4B1-4515-B253-B8419189FE1C}"
EndProject
Project("{FAE04EC0-301F-11D3-BF4B-00C04F79EFBC}") = "JSONParser", "JSONParser\JSONParser.csproj", "{3BDB84F9-3316-4904-A14A-50E32C84BC53}"
EndProject
Project("{FAE04EC0-301F-11D3-BF4B-00C04F79EFBC}") = "RESTClient", "RESTClient\RESTClient.csproj", "{1CF6C7E8-82F9-4586-8D03-443AEA538481}"
EndProject
Global
	GlobalSection(SolutionConfigurationPlatforms) = preSolution
		Debug|Any CPU = Debug|Any CPU
		Release|Any CPU = Release|Any CPU
	EndGlobalSection
	GlobalSection(ProjectConfigurationPlatforms) = postSolution
		{8D9FFA36-C4B1-4515-B253-B8419189FE1C}.Debug|Any CPU.ActiveCfg = Debug|Any CPU
		{8D9FFA36-C4B1-4515-B253-B8419189FE1C}.Debug|Any CPU.Build.0 = Debug|Any CPU
		{8D9FFA36-C4B1-4515-B253-B8419189FE1C}.Release|Any CPU.ActiveCfg = Release|Any CPU
		{8D9FFA36-C4B1-4515-B253-B8419189FE1C}.Release|Any CPU.Build.0 = Release|Any CPU
		{3BDB84F9-3316-4904-A14A-50E32C84BC53}.Debug|Any CPU.ActiveCfg = Debug|Any CPU
		{3BDB84F9-3316-4904-A14A-50E32C84BC53}.Debug|Any CPU.Build.0 = Debug|Any CPU
		{3BDB84F9-3316-4904-A14A-50E32C84BC53}.Release|Any CPU.ActiveCfg = Release|Any CPU
		{3BDB84F9-3316-4904-A14A-50E32C84BC53}.Release|Any CPU.Build.0 = Release|Any CPU
		{1CF6C7E8-82F9-4586-8D03-443AEA538481}.Debug|Any CPU.ActiveCfg = Debug|Any CPU
		{1CF6C7E8-82F9-4586-8D03-443AEA538481}.Debug|Any CPU.Build.0 = Debug|Any CPU
		{1CF6C7E8-82F9-4586-8D03-443AEA538481}.Release|Any CPU.ActiveCfg = Release|Any CPU
		{1CF6C7E8-82F9-4586-8D03-443AEA538481}.Release|Any CPU.Build.0 = Release|Any CPU
	EndGlobalSection
	GlobalSection(SolutionProperties) = preSolution
		HideSolutionNode = FALSE
	EndGlobalSection
	GlobalSection(ExtensibilityGlobals) = postSolution
		SolutionGuid = {AC6042D5-A335-43CD-89A7-EDC13CD2F342}
	EndGlobalSection
EndGlobal
