
Microsoft Visual Studio Solution File, Format Version 12.00
# Visual Studio 15
VisualStudioVersion = 15.0.27703.2042
MinimumVisualStudioVersion = 10.0.40219.1
Project("{FAE04EC0-301F-11D3-BF4B-00C04F79EFBC}") = "21_EchoServer", "21_EchoServer\21_EchoServer.csproj", "{4D4CA954-DE4F-4751-B6CE-4DB0DF977F0F}"
EndProject
Project("{FAE04EC0-301F-11D3-BF4B-00C04F79EFBC}") = "21_EchoClient", "21_EchoClient\21_EchoClient.csproj", "{2963EDAE-A27E-4FAA-A0B9-B327D93C0EDB}"
EndProject
Project("{FAE04EC0-301F-11D3-BF4B-00C04F79EFBC}") = "FUP", "FUP\FUP.csproj", "{ECD33C67-3BAE-489B-A606-7B767D48B4E0}"
EndProject
Project("{FAE04EC0-301F-11D3-BF4B-00C04F79EFBC}") = "21_FileReceiver", "21_FileReceiver\21_FileReceiver.csproj", "{6D6F3272-72B2-4E85-894B-500FABFBA5DF}"
EndProject
Global
	GlobalSection(SolutionConfigurationPlatforms) = preSolution
		Debug|Any CPU = Debug|Any CPU
		Release|Any CPU = Release|Any CPU
	EndGlobalSection
	GlobalSection(ProjectConfigurationPlatforms) = postSolution
		{4D4CA954-DE4F-4751-B6CE-4DB0DF977F0F}.Debug|Any CPU.ActiveCfg = Debug|Any CPU
		{4D4CA954-DE4F-4751-B6CE-4DB0DF977F0F}.Debug|Any CPU.Build.0 = Debug|Any CPU
		{4D4CA954-DE4F-4751-B6CE-4DB0DF977F0F}.Release|Any CPU.ActiveCfg = Release|Any CPU
		{4D4CA954-DE4F-4751-B6CE-4DB0DF977F0F}.Release|Any CPU.Build.0 = Release|Any CPU
		{2963EDAE-A27E-4FAA-A0B9-B327D93C0EDB}.Debug|Any CPU.ActiveCfg = Debug|Any CPU
		{2963EDAE-A27E-4FAA-A0B9-B327D93C0EDB}.Debug|Any CPU.Build.0 = Debug|Any CPU
		{2963EDAE-A27E-4FAA-A0B9-B327D93C0EDB}.Release|Any CPU.ActiveCfg = Release|Any CPU
		{2963EDAE-A27E-4FAA-A0B9-B327D93C0EDB}.Release|Any CPU.Build.0 = Release|Any CPU
		{ECD33C67-3BAE-489B-A606-7B767D48B4E0}.Debug|Any CPU.ActiveCfg = Debug|Any CPU
		{ECD33C67-3BAE-489B-A606-7B767D48B4E0}.Debug|Any CPU.Build.0 = Debug|Any CPU
		{ECD33C67-3BAE-489B-A606-7B767D48B4E0}.Release|Any CPU.ActiveCfg = Release|Any CPU
		{ECD33C67-3BAE-489B-A606-7B767D48B4E0}.Release|Any CPU.Build.0 = Release|Any CPU
		{6D6F3272-72B2-4E85-894B-500FABFBA5DF}.Debug|Any CPU.ActiveCfg = Debug|Any CPU
		{6D6F3272-72B2-4E85-894B-500FABFBA5DF}.Debug|Any CPU.Build.0 = Debug|Any CPU
		{6D6F3272-72B2-4E85-894B-500FABFBA5DF}.Release|Any CPU.ActiveCfg = Release|Any CPU
		{6D6F3272-72B2-4E85-894B-500FABFBA5DF}.Release|Any CPU.Build.0 = Release|Any CPU
	EndGlobalSection
	GlobalSection(SolutionProperties) = preSolution
		HideSolutionNode = FALSE
	EndGlobalSection
	GlobalSection(ExtensibilityGlobals) = postSolution
		SolutionGuid = {44788317-6907-4BFC-B02C-B97EF2975BAA}
	EndGlobalSection
EndGlobal
