
Microsoft Visual Studio Solution File, Format Version 12.00
# Visual Studio 15
VisualStudioVersion = 15.0.27703.2042
MinimumVisualStudioVersion = 10.0.40219.1
Project("{FAE04EC0-301F-11D3-BF4B-00C04F79EFBC}") = "SimpleRESTServer", "SimpleRESTServer\SimpleRESTServer.csproj", "{1D3FF6C3-C6C9-459E-B4D1-C087B698E6B2}"
EndProject
Global
	GlobalSection(SolutionConfigurationPlatforms) = preSolution
		Debug|Any CPU = Debug|Any CPU
		Release|Any CPU = Release|Any CPU
	EndGlobalSection
	GlobalSection(ProjectConfigurationPlatforms) = postSolution
		{1D3FF6C3-C6C9-459E-B4D1-C087B698E6B2}.Debug|Any CPU.ActiveCfg = Debug|Any CPU
		{1D3FF6C3-C6C9-459E-B4D1-C087B698E6B2}.Debug|Any CPU.Build.0 = Debug|Any CPU
		{1D3FF6C3-C6C9-459E-B4D1-C087B698E6B2}.Release|Any CPU.ActiveCfg = Release|Any CPU
		{1D3FF6C3-C6C9-459E-B4D1-C087B698E6B2}.Release|Any CPU.Build.0 = Release|Any CPU
	EndGlobalSection
	GlobalSection(SolutionProperties) = preSolution
		HideSolutionNode = FALSE
	EndGlobalSection
	GlobalSection(ExtensibilityGlobals) = postSolution
		SolutionGuid = {A90632C3-39D9-476B-B66F-C7F3919EA0EB}
	EndGlobalSection
EndGlobal
