
Microsoft Visual Studio Solution File, Format Version 12.00
# Visual Studio 15
VisualStudioVersion = 15.0.27703.2042
MinimumVisualStudioVersion = 10.0.40219.1
Project("{FAE04EC0-301F-11D3-BF4B-00C04F79EFBC}") = "RESTServer", "RESTServer\RESTServer.csproj", "{8D9FFA36-C4B1-4515-B253-B8419189FE1C}"
EndProject
Project("{FAE04EC0-301F-11D3-BF4B-00C04F79EFBC}") = "JSONParser", "JSONParser\JSONParser.csproj", "{3BDB84F9-3316-4904-A14A-50E32C84BC53}"
EndProject
Project("{FAE04EC0-301F-11D3-BF4B-00C04F79EFBC}") = "RESTClient", "RESTClient\RESTClient.csproj", "{1CF6C7E8-82F9-4586-8D03-443AEA538481}"
EndProject
Project("{FAE04EC0-301F-11D3-BF4B-00C04F79EFBC}") = "PanelChange1", "PanelChange1\PanelChange1.csproj", "{1537C0BB-B6D0-4A87-8828-0988AF9A420F}"
EndProject
Project("{FAE04EC0-301F-11D3-BF4B-00C04F79EFBC}") = "GoogleMap", "GoogleMap\GoogleMap.csproj", "{A158FFF1-7F80-4937-AF8C-C3E942475769}"
EndProject
Project("{FAE04EC0-301F-11D3-BF4B-00C04F79EFBC}") = "DaumMap", "DaumMap\DaumMap.csproj", "{690D8274-5259-40DE-AAB3-A6D5DCCD21E0}"
EndProject
Project("{FAE04EC0-301F-11D3-BF4B-00C04F79EFBC}") = "NaverMap", "NaverMap\NaverMap.csproj", "{1DCAE209-D1A4-4033-8805-FF1A7AE12A26}"
EndProject
Project("{FAE04EC0-301F-11D3-BF4B-00C04F79EFBC}") = "TCPServer", "TCPServer\TCPServer.csproj", "{2DF7D904-B808-49A6-958E-9B65CE2087D9}"
EndProject
Project("{FAE04EC0-301F-11D3-BF4B-00C04F79EFBC}") = "TCPClient", "TCPClient\TCPClient.csproj", "{F75F2DB7-6C11-4CBD-8007-B103D7F62770}"
EndProject
Project("{FAE04EC0-301F-11D3-BF4B-00C04F79EFBC}") = "UDPClient", "UDPClient\UDPClient.csproj", "{D743FB5D-494C-455B-9A3B-8BD84C8AF3EC}"
EndProject
Global
	GlobalSection(SolutionConfigurationPlatforms) = preSolution
		Debug|Any CPU = Debug|Any CPU
		Release|Any CPU = Release|Any CPU
	EndGlobalSection
	GlobalSection(ProjectConfigurationPlatforms) = postSolution
		{8D9FFA36-C4B1-4515-B253-B8419189FE1C}.Debug|Any CPU.ActiveCfg = Debug|Any CPU
		{8D9FFA36-C4B1-4515-B253-B8419189FE1C}.Debug|Any CPU.Build.0 = Debug|Any CPU
		{8D9FFA36-C4B1-4515-B253-B8419189FE1C}.Release|Any CPU.ActiveCfg = Release|Any CPU
		{8D9FFA36-C4B1-4515-B253-B8419189FE1C}.Release|Any CPU.Build.0 = Release|Any CPU
		{3BDB84F9-3316-4904-A14A-50E32C84BC53}.Debug|Any CPU.ActiveCfg = Debug|Any CPU
		{3BDB84F9-3316-4904-A14A-50E32C84BC53}.Debug|Any CPU.Build.0 = Debug|Any CPU
		{3BDB84F9-3316-4904-A14A-50E32C84BC53}.Release|Any CPU.ActiveCfg = Release|Any CPU
		{3BDB84F9-3316-4904-A14A-50E32C84BC53}.Release|Any CPU.Build.0 = Release|Any CPU
		{1CF6C7E8-82F9-4586-8D03-443AEA538481}.Debug|Any CPU.ActiveCfg = Debug|Any CPU
		{1CF6C7E8-82F9-4586-8D03-443AEA538481}.Debug|Any CPU.Build.0 = Debug|Any CPU
		{1CF6C7E8-82F9-4586-8D03-443AEA538481}.Release|Any CPU.ActiveCfg = Release|Any CPU
		{1CF6C7E8-82F9-4586-8D03-443AEA538481}.Release|Any CPU.Build.0 = Release|Any CPU
		{1537C0BB-B6D0-4A87-8828-0988AF9A420F}.Debug|Any CPU.ActiveCfg = Debug|Any CPU
		{1537C0BB-B6D0-4A87-8828-0988AF9A420F}.Debug|Any CPU.Build.0 = Debug|Any CPU
		{1537C0BB-B6D0-4A87-8828-0988AF9A420F}.Release|Any CPU.ActiveCfg = Release|Any CPU
		{1537C0BB-B6D0-4A87-8828-0988AF9A420F}.Release|Any CPU.Build.0 = Release|Any CPU
		{A158FFF1-7F80-4937-AF8C-C3E942475769}.Debug|Any CPU.ActiveCfg = Debug|Any CPU
		{A158FFF1-7F80-4937-AF8C-C3E942475769}.Debug|Any CPU.Build.0 = Debug|Any CPU
		{A158FFF1-7F80-4937-AF8C-C3E942475769}.Release|Any CPU.ActiveCfg = Release|Any CPU
		{A158FFF1-7F80-4937-AF8C-C3E942475769}.Release|Any CPU.Build.0 = Release|Any CPU
		{690D8274-5259-40DE-AAB3-A6D5DCCD21E0}.Debug|Any CPU.ActiveCfg = Debug|Any CPU
		{690D8274-5259-40DE-AAB3-A6D5DCCD21E0}.Debug|Any CPU.Build.0 = Debug|Any CPU
		{690D8274-5259-40DE-AAB3-A6D5DCCD21E0}.Release|Any CPU.ActiveCfg = Release|Any CPU
		{690D8274-5259-40DE-AAB3-A6D5DCCD21E0}.Release|Any CPU.Build.0 = Release|Any CPU
		{1DCAE209-D1A4-4033-8805-FF1A7AE12A26}.Debug|Any CPU.ActiveCfg = Debug|Any CPU
		{1DCAE209-D1A4-4033-8805-FF1A7AE12A26}.Debug|Any CPU.Build.0 = Debug|Any CPU
		{1DCAE209-D1A4-4033-8805-FF1A7AE12A26}.Release|Any CPU.ActiveCfg = Release|Any CPU
		{1DCAE209-D1A4-4033-8805-FF1A7AE12A26}.Release|Any CPU.Build.0 = Release|Any CPU
		{2DF7D904-B808-49A6-958E-9B65CE2087D9}.Debug|Any CPU.ActiveCfg = Debug|Any CPU
		{2DF7D904-B808-49A6-958E-9B65CE2087D9}.Debug|Any CPU.Build.0 = Debug|Any CPU
		{2DF7D904-B808-49A6-958E-9B65CE2087D9}.Release|Any CPU.ActiveCfg = Release|Any CPU
		{2DF7D904-B808-49A6-958E-9B65CE2087D9}.Release|Any CPU.Build.0 = Release|Any CPU
		{F75F2DB7-6C11-4CBD-8007-B103D7F62770}.Debug|Any CPU.ActiveCfg = Debug|Any CPU
		{F75F2DB7-6C11-4CBD-8007-B103D7F62770}.Debug|Any CPU.Build.0 = Debug|Any CPU
		{F75F2DB7-6C11-4CBD-8007-B103D7F62770}.Release|Any CPU.ActiveCfg = Release|Any CPU
		{F75F2DB7-6C11-4CBD-8007-B103D7F62770}.Release|Any CPU.Build.0 = Release|Any CPU
		{D743FB5D-494C-455B-9A3B-8BD84C8AF3EC}.Debug|Any CPU.ActiveCfg = Debug|Any CPU
		{D743FB5D-494C-455B-9A3B-8BD84C8AF3EC}.Debug|Any CPU.Build.0 = Debug|Any CPU
		{D743FB5D-494C-455B-9A3B-8BD84C8AF3EC}.Release|Any CPU.ActiveCfg = Release|Any CPU
		{D743FB5D-494C-455B-9A3B-8BD84C8AF3EC}.Release|Any CPU.Build.0 = Release|Any CPU
	EndGlobalSection
	GlobalSection(SolutionProperties) = preSolution
		HideSolutionNode = FALSE
	EndGlobalSection
	GlobalSection(ExtensibilityGlobals) = postSolution
		SolutionGuid = {AC6042D5-A335-43CD-89A7-EDC13CD2F342}
	EndGlobalSection
EndGlobal
