
Microsoft Visual Studio Solution File, Format Version 12.00
# Visual Studio 15
VisualStudioVersion = 15.0.27703.2035
MinimumVisualStudioVersion = 10.0.40219.1
Project("{FAE04EC0-301F-11D3-BF4B-00C04F79EFBC}") = "11_CopyingArray", "11_CopyingArray\11_CopyingArray.csproj", "{F6FBD89B-AFC4-417A-BD1D-D4EC25991514}"
EndProject
Project("{FAE04EC0-301F-11D3-BF4B-00C04F79EFBC}") = "11_Generic", "11_Generic\11_Generic.csproj", "{2DAEECE6-6AEE-4E9E-A148-C377429992D9}"
EndProject
Project("{FAE04EC0-301F-11D3-BF4B-00C04F79EFBC}") = "11_ConstraintsOnTypeParameters", "11_ConstraintsOnTypeParameters\11_ConstraintsOnTypeParameters.csproj", "{AA39A039-5DD6-4130-B8A0-14C13B969B44}"
EndProject
Global
	GlobalSection(SolutionConfigurationPlatforms) = preSolution
		Debug|Any CPU = Debug|Any CPU
		Release|Any CPU = Release|Any CPU
	EndGlobalSection
	GlobalSection(ProjectConfigurationPlatforms) = postSolution
		{F6FBD89B-AFC4-417A-BD1D-D4EC25991514}.Debug|Any CPU.ActiveCfg = Debug|Any CPU
		{F6FBD89B-AFC4-417A-BD1D-D4EC25991514}.Debug|Any CPU.Build.0 = Debug|Any CPU
		{F6FBD89B-AFC4-417A-BD1D-D4EC25991514}.Release|Any CPU.ActiveCfg = Release|Any CPU
		{F6FBD89B-AFC4-417A-BD1D-D4EC25991514}.Release|Any CPU.Build.0 = Release|Any CPU
		{2DAEECE6-6AEE-4E9E-A148-C377429992D9}.Debug|Any CPU.ActiveCfg = Debug|Any CPU
		{2DAEECE6-6AEE-4E9E-A148-C377429992D9}.Debug|Any CPU.Build.0 = Debug|Any CPU
		{2DAEECE6-6AEE-4E9E-A148-C377429992D9}.Release|Any CPU.ActiveCfg = Release|Any CPU
		{2DAEECE6-6AEE-4E9E-A148-C377429992D9}.Release|Any CPU.Build.0 = Release|Any CPU
		{AA39A039-5DD6-4130-B8A0-14C13B969B44}.Debug|Any CPU.ActiveCfg = Debug|Any CPU
		{AA39A039-5DD6-4130-B8A0-14C13B969B44}.Debug|Any CPU.Build.0 = Debug|Any CPU
		{AA39A039-5DD6-4130-B8A0-14C13B969B44}.Release|Any CPU.ActiveCfg = Release|Any CPU
		{AA39A039-5DD6-4130-B8A0-14C13B969B44}.Release|Any CPU.Build.0 = Release|Any CPU
	EndGlobalSection
	GlobalSection(SolutionProperties) = preSolution
		HideSolutionNode = FALSE
	EndGlobalSection
	GlobalSection(ExtensibilityGlobals) = postSolution
		SolutionGuid = {D1819FA0-F593-4BC6-B8D3-7283DD9C35DB}
	EndGlobalSection
EndGlobal
